
Microsoft Visual Studio Solution File, Format Version 12.00
# Visual Studio Version 17
VisualStudioVersion = 17.0.32014.148
MinimumVisualStudioVersion = 10.0.40219.1
Project("{9A19103F-16F7-4668-BE54-9A1E7A4F7556}") = "StarMap2D.Calculations", "StarMap2D.Calculations\StarMap2D.Calculations.csproj", "{2FEBDAC7-DADD-4560-B72A-81AD4B6A63D2}"
EndProject
Project("{9A19103F-16F7-4668-BE54-9A1E7A4F7556}") = "VPKSoft.StarCatalogs", "VPKSoft.StarCatalogs\VPKSoft.StarCatalogs.csproj", "{0402D926-866A-443B-9C01-281C417C11DF}"
EndProject
Project("{9A19103F-16F7-4668-BE54-9A1E7A4F7556}") = "StarMap2D.Tests", "StarMap2D.Tests\StarMap2D.Tests.csproj", "{90F165CE-F082-4FD5-AD1A-4A995759549F}"
EndProject
Project("{9A19103F-16F7-4668-BE54-9A1E7A4F7556}") = "StarMap2D.Common", "StarMap2D.Common\StarMap2D.Common.csproj", "{0EA35A10-5776-47D7-BAEB-F273076E17D4}"
EndProject
Project("{9A19103F-16F7-4668-BE54-9A1E7A4F7556}") = "VPKSoft.ApplicationSettingsJson", "VPKSoft.ApplicationSettingsJson\VPKSoft.ApplicationSettingsJson.csproj", "{C387DF62-A7AB-49CC-B481-00A0A1C9B905}"
EndProject
Project("{9A19103F-16F7-4668-BE54-9A1E7A4F7556}") = "StarMap2D.Localization", "StarMap2D.Localization\StarMap2D.Localization.csproj", "{51F2C2CB-B687-4F15-A5B0-7C2EF041041C}"
EndProject
Project("{2150E333-8FDC-42A3-9474-1A3956D46DE8}") = "Solution Items", "Solution Items", "{DF5C3BB1-8B2F-49C2-ABD6-D7AA9553E88A}"
	ProjectSection(SolutionItems) = preProject
		.editorconfig = .editorconfig
		.github\workflows\dotnet-desktop.yml = .github\workflows\dotnet-desktop.yml
	EndProjectSection
EndProject
Project("{9A19103F-16F7-4668-BE54-9A1E7A4F7556}") = "StarMap2D.EtoForms", "StarMap2D.EtoForms\StarMap2D.EtoForms.csproj", "{00C25A5C-A98A-4B7B-8F50-049A9BAD78BA}"
EndProject
Project("{9A19103F-16F7-4668-BE54-9A1E7A4F7556}") = "StarMap2D.EtoForms.Controls", "StarMap2D.EtoForms.Controls\StarMap2D.EtoForms.Controls.csproj", "{1B4495B1-E956-415F-8F2E-06910DECD763}"
EndProject
Global
	GlobalSection(SolutionConfigurationPlatforms) = preSolution
		Debug|Any CPU = Debug|Any CPU
		Release|Any CPU = Release|Any CPU
	EndGlobalSection
	GlobalSection(ProjectConfigurationPlatforms) = postSolution
		{2FEBDAC7-DADD-4560-B72A-81AD4B6A63D2}.Debug|Any CPU.ActiveCfg = Debug|Any CPU
		{2FEBDAC7-DADD-4560-B72A-81AD4B6A63D2}.Debug|Any CPU.Build.0 = Debug|Any CPU
		{2FEBDAC7-DADD-4560-B72A-81AD4B6A63D2}.Release|Any CPU.ActiveCfg = Release|Any CPU
		{2FEBDAC7-DADD-4560-B72A-81AD4B6A63D2}.Release|Any CPU.Build.0 = Release|Any CPU
		{0402D926-866A-443B-9C01-281C417C11DF}.Debug|Any CPU.ActiveCfg = Debug|Any CPU
		{0402D926-866A-443B-9C01-281C417C11DF}.Debug|Any CPU.Build.0 = Debug|Any CPU
		{0402D926-866A-443B-9C01-281C417C11DF}.Release|Any CPU.ActiveCfg = Release|Any CPU
		{0402D926-866A-443B-9C01-281C417C11DF}.Release|Any CPU.Build.0 = Release|Any CPU
		{90F165CE-F082-4FD5-AD1A-4A995759549F}.Debug|Any CPU.ActiveCfg = Debug|Any CPU
		{90F165CE-F082-4FD5-AD1A-4A995759549F}.Debug|Any CPU.Build.0 = Debug|Any CPU
		{90F165CE-F082-4FD5-AD1A-4A995759549F}.Release|Any CPU.ActiveCfg = Release|Any CPU
		{90F165CE-F082-4FD5-AD1A-4A995759549F}.Release|Any CPU.Build.0 = Release|Any CPU
		{0EA35A10-5776-47D7-BAEB-F273076E17D4}.Debug|Any CPU.ActiveCfg = Debug|Any CPU
		{0EA35A10-5776-47D7-BAEB-F273076E17D4}.Debug|Any CPU.Build.0 = Debug|Any CPU
		{0EA35A10-5776-47D7-BAEB-F273076E17D4}.Release|Any CPU.ActiveCfg = Release|Any CPU
		{0EA35A10-5776-47D7-BAEB-F273076E17D4}.Release|Any CPU.Build.0 = Release|Any CPU
		{C387DF62-A7AB-49CC-B481-00A0A1C9B905}.Debug|Any CPU.ActiveCfg = Debug|Any CPU
		{C387DF62-A7AB-49CC-B481-00A0A1C9B905}.Debug|Any CPU.Build.0 = Debug|Any CPU
		{C387DF62-A7AB-49CC-B481-00A0A1C9B905}.Release|Any CPU.ActiveCfg = Release|Any CPU
		{C387DF62-A7AB-49CC-B481-00A0A1C9B905}.Release|Any CPU.Build.0 = Release|Any CPU
		{51F2C2CB-B687-4F15-A5B0-7C2EF041041C}.Debug|Any CPU.ActiveCfg = Debug|Any CPU
		{51F2C2CB-B687-4F15-A5B0-7C2EF041041C}.Debug|Any CPU.Build.0 = Debug|Any CPU
		{51F2C2CB-B687-4F15-A5B0-7C2EF041041C}.Release|Any CPU.ActiveCfg = Release|Any CPU
		{51F2C2CB-B687-4F15-A5B0-7C2EF041041C}.Release|Any CPU.Build.0 = Release|Any CPU
		{00C25A5C-A98A-4B7B-8F50-049A9BAD78BA}.Debug|Any CPU.ActiveCfg = Debug|Any CPU
		{00C25A5C-A98A-4B7B-8F50-049A9BAD78BA}.Debug|Any CPU.Build.0 = Debug|Any CPU
		{00C25A5C-A98A-4B7B-8F50-049A9BAD78BA}.Release|Any CPU.ActiveCfg = Release|Any CPU
		{00C25A5C-A98A-4B7B-8F50-049A9BAD78BA}.Release|Any CPU.Build.0 = Release|Any CPU
		{1B4495B1-E956-415F-8F2E-06910DECD763}.Debug|Any CPU.ActiveCfg = Debug|Any CPU
		{1B4495B1-E956-415F-8F2E-06910DECD763}.Debug|Any CPU.Build.0 = Debug|Any CPU
		{1B4495B1-E956-415F-8F2E-06910DECD763}.Release|Any CPU.ActiveCfg = Release|Any CPU
		{1B4495B1-E956-415F-8F2E-06910DECD763}.Release|Any CPU.Build.0 = Release|Any CPU
	EndGlobalSection
	GlobalSection(SolutionProperties) = preSolution
		HideSolutionNode = FALSE
	EndGlobalSection
	GlobalSection(ExtensibilityGlobals) = postSolution
		SolutionGuid = {6DA08544-52FA-4402-8B45-827716D76778}
	EndGlobalSection
EndGlobal
